Microsoft Visual Studio Solution File, Format Version 12.00
# Visual Studio Version 17
VisualStudioVersion = 17.0.31314.256
MinimumVisualStudioVersion = 10.0.40219.1
Project("{2150E333-8FDC-42A3-9474-1A3956D46DE8}") = "Engine", "Engine", "{233774A8-CC9D-3FA9-86D1-90573E92B704}"
EndProject
Project("{8BC9CEB8-8B4A-11D0-8D11-00A0C91BC942}") = "UE5", "Intermediate\ProjectFiles\UE5.vcxproj", "{4456EB0B-5AD9-3F57-9624-6E5E876091C1}"
EndProject
Project("{2150E333-8FDC-42A3-9474-1A3956D46DE8}") = "Games", "Games", "{DE1F8B53-6C02-3C13-9101-A7C8D96F3FF6}"
EndProject
Project("{8BC9CEB8-8B4A-11D0-8D11-00A0C91BC942}") = "GADE_SEM2", "Intermediate\ProjectFiles\GADE_SEM2.vcxproj", "{49744CDF-2C19-3E9A-934D-2A00C312D6E4}"
EndProject
Project("{2150E333-8FDC-42A3-9474-1A3956D46DE8}") = "Programs", "Programs", "{A338B9E2-A559-34BE-A46D-F789DD488FAD}"
EndProject
Project("{8BC9CEB8-8B4A-11D0-8D11-00A0C91BC942}") = "DotNetPerforceLib", "Intermediate\ProjectFiles\DotNetPerforceLib.vcxproj", "{AED382FB-96CB-3094-8317-F90F4C987626}"
EndProject
Project("{2150E333-8FDC-42A3-9474-1A3956D46DE8}") = "Visualizers", "Visualizers", "{1CCEC849-CC72-4C59-8C36-2F7C38706D4C}"
	ProjectSection(SolutionItems) = preProject
		..\..\..\..\..\..\..\Program Files\Epic Games\UE_5.8\Engine\Extras\VisualStudioDebugging\Unreal.natvis = ..\..\..\..\..\..\..\Program Files\Epic Games\UE_5.8\Engine\Extras\VisualStudioDebugging\Unreal.natvis
		..\..\..\..\..\..\..\Program Files\Epic Games\UE_5.8\Engine\Extras\VisualStudioDebugging\Unreal.natstepfilter = ..\..\..\..\..\..\..\Program Files\Epic Games\UE_5.8\Engine\Extras\VisualStudioDebugging\Unreal.natstepfilter
		..\..\..\..\..\..\..\Program Files\Epic Games\UE_5.8\Engine\Extras\VisualStudioDebugging\Unreal.natjmc = ..\..\..\..\..\..\..\Program Files\Epic Games\UE_5.8\Engine\Extras\VisualStudioDebugging\Unreal.natjmc
	EndProjectSection
EndProject
Project("{2150E333-8FDC-42A3-9474-1A3956D46DE8}") = "LiveLink", "LiveLink", "{8CC14756-A39B-3386-9B90-0891EC4C845D}"
EndProject
Project("{8BC9CEB8-8B4A-11D0-8D11-00A0C91BC942}") = "LiveLinkHub", "Intermediate\ProjectFiles\LiveLinkHub.vcxproj", "{88DF826A-DEFB-350B-A211-0FE5DF70536E}"
EndProject
Project("{2150E333-8FDC-42A3-9474-1A3956D46DE8}") = "LowLevelTests", "LowLevelTests", "{B00EB725-DBE5-3851-951E-9E8199359819}"
EndProject
Project("{8BC9CEB8-8B4A-11D0-8D11-00A0C91BC942}") = "ChaosTestHarness", "Intermediate\ProjectFiles\ChaosTestHarness.vcxproj", "{8EDD1142-C0BB-3972-A15A-DF72AAF30514}"
EndProject
Project("{8BC9CEB8-8B4A-11D0-8D11-00A0C91BC942}") = "EventLoopUnitTests", "Intermediate\ProjectFiles\EventLoopUnitTests.vcxproj", "{0F4EB02F-0AA0-3BED-B9AA-91A5E969FEC4}"
EndProject
Project("{8BC9CEB8-8B4A-11D0-8D11-00A0C91BC942}") = "IoStoreOnDemandTests", "Intermediate\ProjectFiles\IoStoreOnDemandTests.vcxproj", "{DFE7F036-8206-39BD-81AB-45F2F3FFD2A5}"
EndProject
Global
	GlobalSection(SolutionConfigurationPlatforms) = preSolution
		DebugGame Editor|Win64 = DebugGame Editor|Win64
		DebugGame Editor|Win64-arm64 = DebugGame Editor|Win64-arm64
		DebugGame Editor|Win64-arm64ec = DebugGame Editor|Win64-arm64ec
		DebugGame|Win64 = DebugGame|Win64
		DebugGame|Win64-arm64 = DebugGame|Win64-arm64
		DebugGame|Win64-arm64ec = DebugGame|Win64-arm64ec
		Development Editor|Win64 = Development Editor|Win64
		Development Editor|Win64-arm64 = Development Editor|Win64-arm64
		Development Editor|Win64-arm64ec = Development Editor|Win64-arm64ec
		Development|Win64 = Development|Win64
		Development|Win64-arm64 = Development|Win64-arm64
		Development|Win64-arm64ec = Development|Win64-arm64ec
		Shipping|Win64 = Shipping|Win64
		Shipping|Win64-arm64 = Shipping|Win64-arm64
		Shipping|Win64-arm64ec = Shipping|Win64-arm64ec
	EndGlobalSection
	GlobalSection(ProjectConfigurationPlatforms) = postSolution
		{4456EB0B-5AD9-3F57-9624-6E5E876091C1}.DebugGame Editor|Win64.ActiveCfg = BuiltWithUnrealBuildTool|Win64
		{4456EB0B-5AD9-3F57-9624-6E5E876091C1}.DebugGame Editor|Win64-arm64.ActiveCfg = BuiltWithUnrealBuildTool|Win64
		{4456EB0B-5AD9-3F57-9624-6E5E876091C1}.DebugGame Editor|Win64-arm64ec.ActiveCfg = BuiltWithUnrealBuildTool|Win64
		{4456EB0B-5AD9-3F57-9624-6E5E876091C1}.DebugGame|Win64.ActiveCfg = BuiltWithUnrealBuildTool|Win64
		{4456EB0B-5AD9-3F57-9624-6E5E876091C1}.DebugGame|Win64-arm64.ActiveCfg = BuiltWithUnrealBuildTool|Win64
		{4456EB0B-5AD9-3F57-9624-6E5E876091C1}.DebugGame|Win64-arm64ec.ActiveCfg = BuiltWithUnrealBuildTool|Win64
		{4456EB0B-5AD9-3F57-9624-6E5E876091C1}.Development Editor|Win64.ActiveCfg = BuiltWithUnrealBuildTool|Win64
		{4456EB0B-5AD9-3F57-9624-6E5E876091C1}.Development Editor|Win64-arm64.ActiveCfg = BuiltWithUnrealBuildTool|Win64
		{4456EB0B-5AD9-3F57-9624-6E5E876091C1}.Development Editor|Win64-arm64ec.ActiveCfg = BuiltWithUnrealBuildTool|Win64
		{4456EB0B-5AD9-3F57-9624-6E5E876091C1}.Development|Win64.ActiveCfg = BuiltWithUnrealBuildTool|Win64
		{4456EB0B-5AD9-3F57-9624-6E5E876091C1}.Development|Win64-arm64.ActiveCfg = BuiltWithUnrealBuildTool|Win64
		{4456EB0B-5AD9-3F57-9624-6E5E876091C1}.Development|Win64-arm64ec.ActiveCfg = BuiltWithUnrealBuildTool|Win64
		{4456EB0B-5AD9-3F57-9624-6E5E876091C1}.Shipping|Win64.ActiveCfg = BuiltWithUnrealBuildTool|Win64
		{4456EB0B-5AD9-3F57-9624-6E5E876091C1}.Shipping|Win64-arm64.ActiveCfg = BuiltWithUnrealBuildTool|Win64
		{4456EB0B-5AD9-3F57-9624-6E5E876091C1}.Shipping|Win64-arm64ec.ActiveCfg = BuiltWithUnrealBuildTool|Win64
		{49744CDF-2C19-3E9A-934D-2A00C312D6E4}.DebugGame Editor|Win64.ActiveCfg = DebugGame_Editor|x64
		{49744CDF-2C19-3E9A-934D-2A00C312D6E4}.DebugGame Editor|Win64.Build.0 = DebugGame_Editor|x64
		{49744CDF-2C19-3E9A-934D-2A00C312D6E4}.DebugGame Editor|Win64-arm64.ActiveCfg = Win64_arm64_DebugGame_Editor|x64
		{49744CDF-2C19-3E9A-934D-2A00C312D6E4}.DebugGame Editor|Win64-arm64.Build.0 = Win64_arm64_DebugGame_Editor|x64
		{49744CDF-2C19-3E9A-934D-2A00C312D6E4}.DebugGame Editor|Win64-arm64ec.ActiveCfg = Win64_arm64ec_DebugGame_Editor|x64
		{49744CDF-2C19-3E9A-934D-2A00C312D6E4}.DebugGame Editor|Win64-arm64ec.Build.0 = Win64_arm64ec_DebugGame_Editor|x64
		{49744CDF-2C19-3E9A-934D-2A00C312D6E4}.DebugGame|Win64.ActiveCfg = DebugGame|x64
		{49744CDF-2C19-3E9A-934D-2A00C312D6E4}.DebugGame|Win64.Build.0 = DebugGame|x64
		{49744CDF-2C19-3E9A-934D-2A00C312D6E4}.DebugGame|Win64-arm64.ActiveCfg = Win64_arm64_DebugGame|x64
		{49744CDF-2C19-3E9A-934D-2A00C312D6E4}.DebugGame|Win64-arm64.Build.0 = Win64_arm64_DebugGame|x64
		{49744CDF-2C19-3E9A-934D-2A00C312D6E4}.DebugGame|Win64-arm64ec.ActiveCfg = Win64_arm64ec_DebugGame|x64
		{49744CDF-2C19-3E9A-934D-2A00C312D6E4}.DebugGame|Win64-arm64ec.Build.0 = Win64_arm64ec_DebugGame|x64
		{49744CDF-2C19-3E9A-934D-2A00C312D6E4}.Development Editor|Win64.ActiveCfg = Development_Editor|x64
		{49744CDF-2C19-3E9A-934D-2A00C312D6E4}.Development Editor|Win64.Build.0 = Development_Editor|x64
		{49744CDF-2C19-3E9A-934D-2A00C312D6E4}.Development Editor|Win64-arm64.ActiveCfg = Win64_arm64_Development_Editor|x64
		{49744CDF-2C19-3E9A-934D-2A00C312D6E4}.Development Editor|Win64-arm64.Build.0 = Win64_arm64_Development_Editor|x64
		{49744CDF-2C19-3E9A-934D-2A00C312D6E4}.Development Editor|Win64-arm64ec.ActiveCfg = Win64_arm64ec_Development_Editor|x64
		{49744CDF-2C19-3E9A-934D-2A00C312D6E4}.Development Editor|Win64-arm64ec.Build.0 = Win64_arm64ec_Development_Editor|x64
		{49744CDF-2C19-3E9A-934D-2A00C312D6E4}.Development|Win64.ActiveCfg = Development|x64
		{49744CDF-2C19-3E9A-934D-2A00C312D6E4}.Development|Win64.Build.0 = Development|x64
		{49744CDF-2C19-3E9A-934D-2A00C312D6E4}.Development|Win64-arm64.ActiveCfg = Win64_arm64_Development|x64
		{49744CDF-2C19-3E9A-934D-2A00C312D6E4}.Development|Win64-arm64.Build.0 = Win64_arm64_Development|x64
		{49744CDF-2C19-3E9A-934D-2A00C312D6E4}.Development|Win64-arm64ec.ActiveCfg = Win64_arm64ec_Development|x64
		{49744CDF-2C19-3E9A-934D-2A00C312D6E4}.Development|Win64-arm64ec.Build.0 = Win64_arm64ec_Development|x64
		{49744CDF-2C19-3E9A-934D-2A00C312D6E4}.Shipping|Win64.ActiveCfg = Shipping|x64
		{49744CDF-2C19-3E9A-934D-2A00C312D6E4}.Shipping|Win64.Build.0 = Shipping|x64
		{49744CDF-2C19-3E9A-934D-2A00C312D6E4}.Shipping|Win64-arm64.ActiveCfg = Win64_arm64_Shipping|x64
		{49744CDF-2C19-3E9A-934D-2A00C312D6E4}.Shipping|Win64-arm64.Build.0 = Win64_arm64_Shipping|x64
		{49744CDF-2C19-3E9A-934D-2A00C312D6E4}.Shipping|Win64-arm64ec.ActiveCfg = Win64_arm64ec_Shipping|x64
		{49744CDF-2C19-3E9A-934D-2A00C312D6E4}.Shipping|Win64-arm64ec.Build.0 = Win64_arm64ec_Shipping|x64
		{AED382FB-96CB-3094-8317-F90F4C987626}.DebugGame Editor|Win64.ActiveCfg = DebugGame|x64
		{AED382FB-96CB-3094-8317-F90F4C987626}.DebugGame Editor|Win64.Build.0 = DebugGame|x64
		{AED382FB-96CB-3094-8317-F90F4C987626}.DebugGame Editor|Win64-arm64.ActiveCfg = Win64_arm64_DebugGame|x64
		{AED382FB-96CB-3094-8317-F90F4C987626}.DebugGame Editor|Win64-arm64.Build.0 = Win64_arm64_DebugGame|x64
		{AED382FB-96CB-3094-8317-F90F4C987626}.DebugGame Editor|Win64-arm64ec.ActiveCfg = Win64_arm64ec_DebugGame|x64
		{AED382FB-96CB-3094-8317-F90F4C987626}.DebugGame Editor|Win64-arm64ec.Build.0 = Win64_arm64ec_DebugGame|x64
		{AED382FB-96CB-3094-8317-F90F4C987626}.DebugGame|Win64.ActiveCfg = DebugGame|x64
		{AED382FB-96CB-3094-8317-F90F4C987626}.DebugGame|Win64.Build.0 = DebugGame|x64
		{AED382FB-96CB-3094-8317-F90F4C987626}.DebugGame|Win64-arm64.ActiveCfg = Win64_arm64_DebugGame|x64
		{AED382FB-96CB-3094-8317-F90F4C987626}.DebugGame|Win64-arm64.Build.0 = Win64_arm64_DebugGame|x64
		{AED382FB-96CB-3094-8317-F90F4C987626}.DebugGame|Win64-arm64ec.ActiveCfg = Win64_arm64ec_DebugGame|x64
		{AED382FB-96CB-3094-8317-F90F4C987626}.DebugGame|Win64-arm64ec.Build.0 = Win64_arm64ec_DebugGame|x64
		{AED382FB-96CB-3094-8317-F90F4C987626}.Development Editor|Win64.ActiveCfg = Development|x64
		{AED382FB-96CB-3094-8317-F90F4C987626}.Development Editor|Win64.Build.0 = Development|x64
		{AED382FB-96CB-3094-8317-F90F4C987626}.Development Editor|Win64-arm64.ActiveCfg = Win64_arm64_Development|x64
		{AED382FB-96CB-3094-8317-F90F4C987626}.Development Editor|Win64-arm64.Build.0 = Win64_arm64_Development|x64
		{AED382FB-96CB-3094-8317-F90F4C987626}.Development Editor|Win64-arm64ec.ActiveCfg = Win64_arm64ec_Development|x64
		{AED382FB-96CB-3094-8317-F90F4C987626}.Development Editor|Win64-arm64ec.Build.0 = Win64_arm64ec_Development|x64
		{AED382FB-96CB-3094-8317-F90F4C987626}.Development|Win64.ActiveCfg = Development|x64
		{AED382FB-96CB-3094-8317-F90F4C987626}.Development|Win64.Build.0 = Development|x64
		{AED382FB-96CB-3094-8317-F90F4C987626}.Development|Win64-arm64.ActiveCfg = Win64_arm64_Development|x64
		{AED382FB-96CB-3094-8317-F90F4C987626}.Development|Win64-arm64.Build.0 = Win64_arm64_Development|x64
		{AED382FB-96CB-3094-8317-F90F4C987626}.Development|Win64-arm64ec.ActiveCfg = Win64_arm64ec_Development|x64
		{AED382FB-96CB-3094-8317-F90F4C987626}.Development|Win64-arm64ec.Build.0 = Win64_arm64ec_Development|x64
		{AED382FB-96CB-3094-8317-F90F4C987626}.Shipping|Win64.ActiveCfg = Shipping|x64
		{AED382FB-96CB-3094-8317-F90F4C987626}.Shipping|Win64.Build.0 = Shipping|x64
		{AED382FB-96CB-3094-8317-F90F4C987626}.Shipping|Win64-arm64.ActiveCfg = Win64_arm64_Shipping|x64
		{AED382FB-96CB-3094-8317-F90F4C987626}.Shipping|Win64-arm64.Build.0 = Win64_arm64_Shipping|x64
		{AED382FB-96CB-3094-8317-F90F4C987626}.Shipping|Win64-arm64ec.ActiveCfg = Win64_arm64ec_Shipping|x64
		{AED382FB-96CB-3094-8317-F90F4C987626}.Shipping|Win64-arm64ec.Build.0 = Win64_arm64ec_Shipping|x64
		{88DF826A-DEFB-350B-A211-0FE5DF70536E}.DebugGame Editor|Win64.ActiveCfg = DebugGame_Editor|x64
		{88DF826A-DEFB-350B-A211-0FE5DF70536E}.DebugGame Editor|Win64.Build.0 = DebugGame_Editor|x64
		{88DF826A-DEFB-350B-A211-0FE5DF70536E}.DebugGame Editor|Win64-arm64.ActiveCfg = Win64_arm64_DebugGame_Editor|x64
		{88DF826A-DEFB-350B-A211-0FE5DF70536E}.DebugGame Editor|Win64-arm64.Build.0 = Win64_arm64_DebugGame_Editor|x64
		{88DF826A-DEFB-350B-A211-0FE5DF70536E}.DebugGame Editor|Win64-arm64ec.ActiveCfg = Win64_arm64ec_DebugGame_Editor|x64
		{88DF826A-DEFB-350B-A211-0FE5DF70536E}.DebugGame Editor|Win64-arm64ec.Build.0 = Win64_arm64ec_DebugGame_Editor|x64
		{88DF826A-DEFB-350B-A211-0FE5DF70536E}.DebugGame|Win64.ActiveCfg = Invalid|x64
		{88DF826A-DEFB-350B-A211-0FE5DF70536E}.DebugGame|Win64-arm64.ActiveCfg = Invalid|x64
		{88DF826A-DEFB-350B-A211-0FE5DF70536E}.DebugGame|Win64-arm64ec.ActiveCfg = Invalid|x64
		{88DF826A-DEFB-350B-A211-0FE5DF70536E}.Development Editor|Win64.ActiveCfg = Development_Editor|x64
		{88DF826A-DEFB-350B-A211-0FE5DF70536E}.Development Editor|Win64.Build.0 = Development_Editor|x64
		{88DF826A-DEFB-350B-A211-0FE5DF70536E}.Development Editor|Win64-arm64.ActiveCfg = Win64_arm64_Development_Editor|x64
		{88DF826A-DEFB-350B-A211-0FE5DF70536E}.Development Editor|Win64-arm64.Build.0 = Win64_arm64_Development_Editor|x64
		{88DF826A-DEFB-350B-A211-0FE5DF70536E}.Development Editor|Win64-arm64ec.ActiveCfg = Win64_arm64ec_Development_Editor|x64
		{88DF826A-DEFB-350B-A211-0FE5DF70536E}.Development Editor|Win64-arm64ec.Build.0 = Win64_arm64ec_Development_Editor|x64
		{88DF826A-DEFB-350B-A211-0FE5DF70536E}.Development|Win64.ActiveCfg = Invalid|x64
		{88DF826A-DEFB-350B-A211-0FE5DF70536E}.Development|Win64-arm64.ActiveCfg = Invalid|x64
		{88DF826A-DEFB-350B-A211-0FE5DF70536E}.Development|Win64-arm64ec.ActiveCfg = Invalid|x64
		{88DF826A-DEFB-350B-A211-0FE5DF70536E}.Shipping|Win64.ActiveCfg = Invalid|x64
		{88DF826A-DEFB-350B-A211-0FE5DF70536E}.Shipping|Win64-arm64.ActiveCfg = Invalid|x64
		{88DF826A-DEFB-350B-A211-0FE5DF70536E}.Shipping|Win64-arm64ec.ActiveCfg = Invalid|x64
		{8EDD1142-C0BB-3972-A15A-DF72AAF30514}.DebugGame Editor|Win64.ActiveCfg = DebugGame|x64
		{8EDD1142-C0BB-3972-A15A-DF72AAF30514}.DebugGame Editor|Win64.Build.0 = DebugGame|x64
		{8EDD1142-C0BB-3972-A15A-DF72AAF30514}.DebugGame Editor|Win64-arm64.ActiveCfg = Win64_arm64_DebugGame|x64
		{8EDD1142-C0BB-3972-A15A-DF72AAF30514}.DebugGame Editor|Win64-arm64.Build.0 = Win64_arm64_DebugGame|x64
		{8EDD1142-C0BB-3972-A15A-DF72AAF30514}.DebugGame Editor|Win64-arm64ec.ActiveCfg = Win64_arm64ec_DebugGame|x64
		{8EDD1142-C0BB-3972-A15A-DF72AAF30514}.DebugGame Editor|Win64-arm64ec.Build.0 = Win64_arm64ec_DebugGame|x64
		{8EDD1142-C0BB-3972-A15A-DF72AAF30514}.DebugGame|Win64.ActiveCfg = DebugGame|x64
		{8EDD1142-C0BB-3972-A15A-DF72AAF30514}.DebugGame|Win64.Build.0 = DebugGame|x64
		{8EDD1142-C0BB-3972-A15A-DF72AAF30514}.DebugGame|Win64-arm64.ActiveCfg = Win64_arm64_DebugGame|x64
		{8EDD1142-C0BB-3972-A15A-DF72AAF30514}.DebugGame|Win64-arm64.Build.0 = Win64_arm64_DebugGame|x64
		{8EDD1142-C0BB-3972-A15A-DF72AAF30514}.DebugGame|Win64-arm64ec.ActiveCfg = Win64_arm64ec_DebugGame|x64
		{8EDD1142-C0BB-3972-A15A-DF72AAF30514}.DebugGame|Win64-arm64ec.Build.0 = Win64_arm64ec_DebugGame|x64
		{8EDD1142-C0BB-3972-A15A-DF72AAF30514}.Development Editor|Win64.ActiveCfg = Development|x64
		{8EDD1142-C0BB-3972-A15A-DF72AAF30514}.Development Editor|Win64.Build.0 = Development|x64
		{8EDD1142-C0BB-3972-A15A-DF72AAF30514}.Development Editor|Win64-arm64.ActiveCfg = Win64_arm64_Development|x64
		{8EDD1142-C0BB-3972-A15A-DF72AAF30514}.Development Editor|Win64-arm64.Build.0 = Win64_arm64_Development|x64
		{8EDD1142-C0BB-3972-A15A-DF72AAF30514}.Development Editor|Win64-arm64ec.ActiveCfg = Win64_arm64ec_Development|x64
		{8EDD1142-C0BB-3972-A15A-DF72AAF30514}.Development Editor|Win64-arm64ec.Build.0 = Win64_arm64ec_Development|x64
		{8EDD1142-C0BB-3972-A15A-DF72AAF30514}.Development|Win64.ActiveCfg = Development|x64
		{8EDD1142-C0BB-3972-A15A-DF72AAF30514}.Development|Win64.Build.0 = Development|x64
		{8EDD1142-C0BB-3972-A15A-DF72AAF30514}.Development|Win64-arm64.ActiveCfg = Win64_arm64_Development|x64
		{8EDD1142-C0BB-3972-A15A-DF72AAF30514}.Development|Win64-arm64.Build.0 = Win64_arm64_Development|x64
		{8EDD1142-C0BB-3972-A15A-DF72AAF30514}.Development|Win64-arm64ec.ActiveCfg = Win64_arm64ec_Development|x64
		{8EDD1142-C0BB-3972-A15A-DF72AAF30514}.Development|Win64-arm64ec.Build.0 = Win64_arm64ec_Development|x64
		{8EDD1142-C0BB-3972-A15A-DF72AAF30514}.Shipping|Win64.ActiveCfg = Shipping|x64
		{8EDD1142-C0BB-3972-A15A-DF72AAF30514}.Shipping|Win64.Build.0 = Shipping|x64
		{8EDD1142-C0BB-3972-A15A-DF72AAF30514}.Shipping|Win64-arm64.ActiveCfg = Win64_arm64_Shipping|x64
		{8EDD1142-C0BB-3972-A15A-DF72AAF30514}.Shipping|Win64-arm64.Build.0 = Win64_arm64_Shipping|x64
		{8EDD1142-C0BB-3972-A15A-DF72AAF30514}.Shipping|Win64-arm64ec.ActiveCfg = Win64_arm64ec_Shipping|x64
		{8EDD1142-C0BB-3972-A15A-DF72AAF30514}.Shipping|Win64-arm64ec.Build.0 = Win64_arm64ec_Shipping|x64
		{0F4EB02F-0AA0-3BED-B9AA-91A5E969FEC4}.DebugGame Editor|Win64.ActiveCfg = DebugGame|x64
		{0F4EB02F-0AA0-3BED-B9AA-91A5E969FEC4}.DebugGame Editor|Win64.Build.0 = DebugGame|x64
		{0F4EB02F-0AA0-3BED-B9AA-91A5E969FEC4}.DebugGame Editor|Win64-arm64.ActiveCfg = Win64_arm64_DebugGame|x64
		{0F4EB02F-0AA0-3BED-B9AA-91A5E969FEC4}.DebugGame Editor|Win64-arm64.Build.0 = Win64_arm64_DebugGame|x64
		{0F4EB02F-0AA0-3BED-B9AA-91A5E969FEC4}.DebugGame Editor|Win64-arm64ec.ActiveCfg = Win64_arm64ec_DebugGame|x64
		{0F4EB02F-0AA0-3BED-B9AA-91A5E969FEC4}.DebugGame Editor|Win64-arm64ec.Build.0 = Win64_arm64ec_DebugGame|x64
		{0F4EB02F-0AA0-3BED-B9AA-91A5E969FEC4}.DebugGame|Win64.ActiveCfg = DebugGame|x64
		{0F4EB02F-0AA0-3BED-B9AA-91A5E969FEC4}.DebugGame|Win64.Build.0 = DebugGame|x64
		{0F4EB02F-0AA0-3BED-B9AA-91A5E969FEC4}.DebugGame|Win64-arm64.ActiveCfg = Win64_arm64_DebugGame|x64
		{0F4EB02F-0AA0-3BED-B9AA-91A5E969FEC4}.DebugGame|Win64-arm64.Build.0 = Win64_arm64_DebugGame|x64
		{0F4EB02F-0AA0-3BED-B9AA-91A5E969FEC4}.DebugGame|Win64-arm64ec.ActiveCfg = Win64_arm64ec_DebugGame|x64
		{0F4EB02F-0AA0-3BED-B9AA-91A5E969FEC4}.DebugGame|Win64-arm64ec.Build.0 = Win64_arm64ec_DebugGame|x64
		{0F4EB02F-0AA0-3BED-B9AA-91A5E969FEC4}.Development Editor|Win64.ActiveCfg = Development|x64
		{0F4EB02F-0AA0-3BED-B9AA-91A5E969FEC4}.Development Editor|Win64.Build.0 = Development|x64
		{0F4EB02F-0AA0-3BED-B9AA-91A5E969FEC4}.Development Editor|Win64-arm64.ActiveCfg = Win64_arm64_Development|x64
		{0F4EB02F-0AA0-3BED-B9AA-91A5E969FEC4}.Development Editor|Win64-arm64.Build.0 = Win64_arm64_Development|x64
		{0F4EB02F-0AA0-3BED-B9AA-91A5E969FEC4}.Development Editor|Win64-arm64ec.ActiveCfg = Win64_arm64ec_Development|x64
		{0F4EB02F-0AA0-3BED-B9AA-91A5E969FEC4}.Development Editor|Win64-arm64ec.Build.0 = Win64_arm64ec_Development|x64
		{0F4EB02F-0AA0-3BED-B9AA-91A5E969FEC4}.Development|Win64.ActiveCfg = Development|x64
		{0F4EB02F-0AA0-3BED-B9AA-91A5E969FEC4}.Development|Win64.Build.0 = Development|x64
		{0F4EB02F-0AA0-3BED-B9AA-91A5E969FEC4}.Development|Win64-arm64.ActiveCfg = Win64_arm64_Development|x64
		{0F4EB02F-0AA0-3BED-B9AA-91A5E969FEC4}.Development|Win64-arm64.Build.0 = Win64_arm64_Development|x64
		{0F4EB02F-0AA0-3BED-B9AA-91A5E969FEC4}.Development|Win64-arm64ec.ActiveCfg = Win64_arm64ec_Development|x64
		{0F4EB02F-0AA0-3BED-B9AA-91A5E969FEC4}.Development|Win64-arm64ec.Build.0 = Win64_arm64ec_Development|x64
		{0F4EB02F-0AA0-3BED-B9AA-91A5E969FEC4}.Shipping|Win64.ActiveCfg = Shipping|x64
		{0F4EB02F-0AA0-3BED-B9AA-91A5E969FEC4}.Shipping|Win64.Build.0 = Shipping|x64
		{0F4EB02F-0AA0-3BED-B9AA-91A5E969FEC4}.Shipping|Win64-arm64.ActiveCfg = Win64_arm64_Shipping|x64
		{0F4EB02F-0AA0-3BED-B9AA-91A5E969FEC4}.Shipping|Win64-arm64.Build.0 = Win64_arm64_Shipping|x64
		{0F4EB02F-0AA0-3BED-B9AA-91A5E969FEC4}.Shipping|Win64-arm64ec.ActiveCfg = Win64_arm64ec_Shipping|x64
		{0F4EB02F-0AA0-3BED-B9AA-91A5E969FEC4}.Shipping|Win64-arm64ec.Build.0 = Win64_arm64ec_Shipping|x64
		{DFE7F036-8206-39BD-81AB-45F2F3FFD2A5}.DebugGame Editor|Win64.ActiveCfg = DebugGame|x64
		{DFE7F036-8206-39BD-81AB-45F2F3FFD2A5}.DebugGame Editor|Win64.Build.0 = DebugGame|x64
		{DFE7F036-8206-39BD-81AB-45F2F3FFD2A5}.DebugGame Editor|Win64-arm64.ActiveCfg = Win64_arm64_DebugGame|x64
		{DFE7F036-8206-39BD-81AB-45F2F3FFD2A5}.DebugGame Editor|Win64-arm64.Build.0 = Win64_arm64_DebugGame|x64
		{DFE7F036-8206-39BD-81AB-45F2F3FFD2A5}.DebugGame Editor|Win64-arm64ec.ActiveCfg = Win64_arm64ec_DebugGame|x64
		{DFE7F036-8206-39BD-81AB-45F2F3FFD2A5}.DebugGame Editor|Win64-arm64ec.Build.0 = Win64_arm64ec_DebugGame|x64
		{DFE7F036-8206-39BD-81AB-45F2F3FFD2A5}.DebugGame|Win64.ActiveCfg = DebugGame|x64
		{DFE7F036-8206-39BD-81AB-45F2F3FFD2A5}.DebugGame|Win64.Build.0 = DebugGame|x64
		{DFE7F036-8206-39BD-81AB-45F2F3FFD2A5}.DebugGame|Win64-arm64.ActiveCfg = Win64_arm64_DebugGame|x64
		{DFE7F036-8206-39BD-81AB-45F2F3FFD2A5}.DebugGame|Win64-arm64.Build.0 = Win64_arm64_DebugGame|x64
		{DFE7F036-8206-39BD-81AB-45F2F3FFD2A5}.DebugGame|Win64-arm64ec.ActiveCfg = Win64_arm64ec_DebugGame|x64
		{DFE7F036-8206-39BD-81AB-45F2F3FFD2A5}.DebugGame|Win64-arm64ec.Build.0 = Win64_arm64ec_DebugGame|x64
		{DFE7F036-8206-39BD-81AB-45F2F3FFD2A5}.Development Editor|Win64.ActiveCfg = Development|x64
		{DFE7F036-8206-39BD-81AB-45F2F3FFD2A5}.Development Editor|Win64.Build.0 = Development|x64
		{DFE7F036-8206-39BD-81AB-45F2F3FFD2A5}.Development Editor|Win64-arm64.ActiveCfg = Win64_arm64_Development|x64
		{DFE7F036-8206-39BD-81AB-45F2F3FFD2A5}.Development Editor|Win64-arm64.Build.0 = Win64_arm64_Development|x64
		{DFE7F036-8206-39BD-81AB-45F2F3FFD2A5}.Development Editor|Win64-arm64ec.ActiveCfg = Win64_arm64ec_Development|x64
		{DFE7F036-8206-39BD-81AB-45F2F3FFD2A5}.Development Editor|Win64-arm64ec.Build.0 = Win64_arm64ec_Development|x64
		{DFE7F036-8206-39BD-81AB-45F2F3FFD2A5}.Development|Win64.ActiveCfg = Development|x64
		{DFE7F036-8206-39BD-81AB-45F2F3FFD2A5}.Development|Win64.Build.0 = Development|x64
		{DFE7F036-8206-39BD-81AB-45F2F3FFD2A5}.Development|Win64-arm64.ActiveCfg = Win64_arm64_Development|x64
		{DFE7F036-8206-39BD-81AB-45F2F3FFD2A5}.Development|Win64-arm64.Build.0 = Win64_arm64_Development|x64
		{DFE7F036-8206-39BD-81AB-45F2F3FFD2A5}.Development|Win64-arm64ec.ActiveCfg = Win64_arm64ec_Development|x64
		{DFE7F036-8206-39BD-81AB-45F2F3FFD2A5}.Development|Win64-arm64ec.Build.0 = Win64_arm64ec_Development|x64
		{DFE7F036-8206-39BD-81AB-45F2F3FFD2A5}.Shipping|Win64.ActiveCfg = Shipping|x64
		{DFE7F036-8206-39BD-81AB-45F2F3FFD2A5}.Shipping|Win64.Build.0 = Shipping|x64
		{DFE7F036-8206-39BD-81AB-45F2F3FFD2A5}.Shipping|Win64-arm64.ActiveCfg = Win64_arm64_Shipping|x64
		{DFE7F036-8206-39BD-81AB-45F2F3FFD2A5}.Shipping|Win64-arm64.Build.0 = Win64_arm64_Shipping|x64
		{DFE7F036-8206-39BD-81AB-45F2F3FFD2A5}.Shipping|Win64-arm64ec.ActiveCfg = Win64_arm64ec_Shipping|x64
		{DFE7F036-8206-39BD-81AB-45F2F3FFD2A5}.Shipping|Win64-arm64ec.Build.0 = Win64_arm64ec_Shipping|x64
	EndGlobalSection
	GlobalSection(SolutionProperties) = preSolution
		HideSolutionNode = FALSE
	EndGlobalSection
	GlobalSection(NestedProjects) = preSolution
		{4456EB0B-5AD9-3F57-9624-6E5E876091C1} = {233774A8-CC9D-3FA9-86D1-90573E92B704}
		{49744CDF-2C19-3E9A-934D-2A00C312D6E4} = {DE1F8B53-6C02-3C13-9101-A7C8D96F3FF6}
		{AED382FB-96CB-3094-8317-F90F4C987626} = {A338B9E2-A559-34BE-A46D-F789DD488FAD}
		{8CC14756-A39B-3386-9B90-0891EC4C845D} = {A338B9E2-A559-34BE-A46D-F789DD488FAD}
		{88DF826A-DEFB-350B-A211-0FE5DF70536E} = {8CC14756-A39B-3386-9B90-0891EC4C845D}
		{B00EB725-DBE5-3851-951E-9E8199359819} = {A338B9E2-A559-34BE-A46D-F789DD488FAD}
		{8EDD1142-C0BB-3972-A15A-DF72AAF30514} = {B00EB725-DBE5-3851-951E-9E8199359819}
		{0F4EB02F-0AA0-3BED-B9AA-91A5E969FEC4} = {B00EB725-DBE5-3851-951E-9E8199359819}
		{DFE7F036-8206-39BD-81AB-45F2F3FFD2A5} = {B00EB725-DBE5-3851-951E-9E8199359819}
	EndGlobalSection
	GlobalSection(ddbf523f-7eb6-4887-bd51-85a714ff87eb) = preSolution
		AvailablePlatforms = Win64
	EndGlobalSection
EndGlobal
